
Microsoft Visual Studio Solution File, Format Version 11.00
# Visual Studio 2010
Project("{319CB2C6-23BD-43E1-85B5-2AAFA3577041}") = "FrogJump", "FrogJump.nmeproj", "{DAC8A0B8-E030-42E0-A50D-204C4DF9977C}"
EndProject
Global
	GlobalSection(SolutionConfigurationPlatforms) = preSolution
		Debug|Android = Debug|Android
		Debug|BlackBerry = Debug|BlackBerry
		Debug|Flash = Debug|Flash
		Debug|HTML5 = Debug|HTML5
		Debug|iOS = Debug|iOS
		Debug|Linux = Debug|Linux
		Debug|Mac = Debug|Mac
		Debug|webOS = Debug|webOS
		Debug|Windows = Debug|Windows
		Release|Android = Release|Android
		Release|BlackBerry = Release|BlackBerry
		Release|Flash = Release|Flash
		Release|HTML5 = Release|HTML5
		Release|iOS = Release|iOS
		Release|Linux = Release|Linux
		Release|Mac = Release|Mac
		Release|webOS = Release|webOS
		Release|Windows = Release|Windows
	EndGlobalSection
	GlobalSection(ProjectConfigurationPlatforms) = postSolution
		{DAC8A0B8-E030-42E0-A50D-204C4DF9977C}.Debug|Android.ActiveCfg = Debug|Android
		{DAC8A0B8-E030-42E0-A50D-204C4DF9977C}.Debug|Android.Build.0 = Debug|Android
		{DAC8A0B8-E030-42E0-A50D-204C4DF9977C}.Debug|BlackBerry.ActiveCfg = Debug|BlackBerry
		{DAC8A0B8-E030-42E0-A50D-204C4DF9977C}.Debug|BlackBerry.Build.0 = Debug|BlackBerry
		{DAC8A0B8-E030-42E0-A50D-204C4DF9977C}.Debug|Flash.ActiveCfg = Debug|Flash
		{DAC8A0B8-E030-42E0-A50D-204C4DF9977C}.Debug|Flash.Build.0 = Debug|Flash
		{DAC8A0B8-E030-42E0-A50D-204C4DF9977C}.Debug|HTML5.ActiveCfg = Debug|HTML5
		{DAC8A0B8-E030-42E0-A50D-204C4DF9977C}.Debug|HTML5.Build.0 = Debug|HTML5
		{DAC8A0B8-E030-42E0-A50D-204C4DF9977C}.Debug|iOS.ActiveCfg = Debug|iOS
		{DAC8A0B8-E030-42E0-A50D-204C4DF9977C}.Debug|iOS.Build.0 = Debug|iOS
		{DAC8A0B8-E030-42E0-A50D-204C4DF9977C}.Debug|Linux.ActiveCfg = Debug|Linux
		{DAC8A0B8-E030-42E0-A50D-204C4DF9977C}.Debug|Linux.Build.0 = Debug|Linux
		{DAC8A0B8-E030-42E0-A50D-204C4DF9977C}.Debug|Mac.ActiveCfg = Debug|Mac
		{DAC8A0B8-E030-42E0-A50D-204C4DF9977C}.Debug|Mac.Build.0 = Debug|Mac
		{DAC8A0B8-E030-42E0-A50D-204C4DF9977C}.Debug|webOS.ActiveCfg = Debug|webOS
		{DAC8A0B8-E030-42E0-A50D-204C4DF9977C}.Debug|webOS.Build.0 = Debug|webOS
		{DAC8A0B8-E030-42E0-A50D-204C4DF9977C}.Debug|Windows.ActiveCfg = Debug|Windows
		{DAC8A0B8-E030-42E0-A50D-204C4DF9977C}.Debug|Windows.Build.0 = Debug|Windows
		{DAC8A0B8-E030-42E0-A50D-204C4DF9977C}.Release|Android.ActiveCfg = Release|Android
		{DAC8A0B8-E030-42E0-A50D-204C4DF9977C}.Release|Android.Build.0 = Release|Android
		{DAC8A0B8-E030-42E0-A50D-204C4DF9977C}.Release|BlackBerry.ActiveCfg = Release|BlackBerry
		{DAC8A0B8-E030-42E0-A50D-204C4DF9977C}.Release|BlackBerry.Build.0 = Release|BlackBerry
		{DAC8A0B8-E030-42E0-A50D-204C4DF9977C}.Release|Flash.ActiveCfg = Release|Flash
		{DAC8A0B8-E030-42E0-A50D-204C4DF9977C}.Release|Flash.Build.0 = Release|Flash
		{DAC8A0B8-E030-42E0-A50D-204C4DF9977C}.Release|HTML5.ActiveCfg = Release|HTML5
		{DAC8A0B8-E030-42E0-A50D-204C4DF9977C}.Release|HTML5.Build.0 = Release|HTML5
		{DAC8A0B8-E030-42E0-A50D-204C4DF9977C}.Release|iOS.ActiveCfg = Release|iOS
		{DAC8A0B8-E030-42E0-A50D-204C4DF9977C}.Release|iOS.Build.0 = Release|iOS
		{DAC8A0B8-E030-42E0-A50D-204C4DF9977C}.Release|Linux.ActiveCfg = Release|Linux
		{DAC8A0B8-E030-42E0-A50D-204C4DF9977C}.Release|Linux.Build.0 = Release|Linux
		{DAC8A0B8-E030-42E0-A50D-204C4DF9977C}.Release|Mac.ActiveCfg = Release|Mac
		{DAC8A0B8-E030-42E0-A50D-204C4DF9977C}.Release|Mac.Build.0 = Release|Mac
		{DAC8A0B8-E030-42E0-A50D-204C4DF9977C}.Release|webOS.ActiveCfg = Release|webOS
		{DAC8A0B8-E030-42E0-A50D-204C4DF9977C}.Release|webOS.Build.0 = Release|webOS
		{DAC8A0B8-E030-42E0-A50D-204C4DF9977C}.Release|Windows.ActiveCfg = Release|Windows
		{DAC8A0B8-E030-42E0-A50D-204C4DF9977C}.Release|Windows.Build.0 = Release|Windows
	EndGlobalSection
	GlobalSection(MonoDevelopProperties) = preSolution
		StartupItem = FrogJump.nmeproj
	EndGlobalSection
EndGlobal
